// !$*UTF8*$!
{
	archiveVersion = 1;
	classes = {
	};
	objectVersion = 56;
	objects = {

/* Begin PBXBuildFile section */
		1FDDEB736C425F8DD7A090EC /* Pods_SportsPreferencesTests.framework in Frameworks */ = {isa = PBXBuildFile; fileRef = 017732FBE2247B8E19712757 /* Pods_SportsPreferencesTests.framework */; };
		3E7B59345A974B0BB083C5BB /* Pods_SportsPreferences.framework in Frameworks */ = {isa = PBXBuildFile; fileRef = 061E75145C894B5861FAAA39 /* Pods_SportsPreferences.framework */; };
		4E8924FEFB09E6411C502EF9 /* Pods_SportsPreferences_SportsPreferencesUITests.framework in Frameworks */ = {isa = PBXBuildFile; fileRef = ADCED6406D08DF79A9C65F3D /* Pods_SportsPreferences_SportsPreferencesUITests.framework */; };
		620C969229EEC09900F905D7 /* GoogleService-Info.plist in Resources */ = {isa = PBXBuildFile; fileRef = 620C969129EEC09900F905D7 /* GoogleService-Info.plist */; };
		6224EAB029EE9ED6000272B9 /* SportsModel.swift in Sources */ = {isa = PBXBuildFile; fileRef = 6224EAAF29EE9ED6000272B9 /* SportsModel.swift */; };
		624E4B5329DC1E4D0009266D /* SportsPreferencesApp.swift in Sources */ = {isa = PBXBuildFile; fileRef = 624E4B5229DC1E4D0009266D /* SportsPreferencesApp.swift */; };
		624E4B5529DC1E4D0009266D /* ContentView.swift in Sources */ = {isa = PBXBuildFile; fileRef = 624E4B5429DC1E4D0009266D /* ContentView.swift */; };
		624E4B5729DC1E4E0009266D /* Assets.xcassets in Resources */ = {isa = PBXBuildFile; fileRef = 624E4B5629DC1E4E0009266D /* Assets.xcassets */; };
		624E4B5A29DC1E4E0009266D /* Preview Assets.xcassets in Resources */ = {isa = PBXBuildFile; fileRef = 624E4B5929DC1E4E0009266D /* Preview Assets.xcassets */; };
		624E4B6429DC1E4F0009266D /* SportsPreferencesTests.swift in Sources */ = {isa = PBXBuildFile; fileRef = 624E4B6329DC1E4F0009266D /* SportsPreferencesTests.swift */; };
		624E4B6E29DC1E4F0009266D /* SportsPreferencesUITests.swift in Sources */ = {isa = PBXBuildFile; fileRef = 624E4B6D29DC1E4F0009266D /* SportsPreferencesUITests.swift */; };
		624E4B7029DC1E4F0009266D /* SportsPreferencesUITestsLaunchTests.swift in Sources */ = {isa = PBXBuildFile; fileRef = 624E4B6F29DC1E4F0009266D /* SportsPreferencesUITestsLaunchTests.swift */; };
		624E4B9629DC4D210009266D /* SportsSelectionView.swift in Sources */ = {isa = PBXBuildFile; fileRef = 624E4B9529DC4D210009266D /* SportsSelectionView.swift */; };
		624E4B9829DC4DE10009266D /* HomeView.swift in Sources */ = {isa = PBXBuildFile; fileRef = 624E4B9729DC4DE10009266D /* HomeView.swift */; };
		624E4B9A29DC4E040009266D /* SportDetailView.swift in Sources */ = {isa = PBXBuildFile; fileRef = 624E4B9929DC4E040009266D /* SportDetailView.swift */; };
		624E4B9C29DC4E2C0009266D /* MoreView.swift in Sources */ = {isa = PBXBuildFile; fileRef = 624E4B9B29DC4E2C0009266D /* MoreView.swift */; };
		624E4B9E29DC4E4B0009266D /* SportsViewModel.swift in Sources */ = {isa = PBXBuildFile; fileRef = 624E4B9D29DC4E4B0009266D /* SportsViewModel.swift */; };
/* End PBXBuildFile section */

/* Begin PBXContainerItemProxy section */
		624E4B6029DC1E4F0009266D /* PBXContainerItemProxy */ = {
			isa = PBXContainerItemProxy;
			containerPortal = 624E4B4729DC1E4D0009266D /* Project object */;
			proxyType = 1;
			remoteGlobalIDString = 624E4B4E29DC1E4D0009266D;
			remoteInfo = SportsPreferences;
		};
		624E4B6A29DC1E4F0009266D /* PBXContainerItemProxy */ = {
			isa = PBXContainerItemProxy;
			containerPortal = 624E4B4729DC1E4D0009266D /* Project object */;
			proxyType = 1;
			remoteGlobalIDString = 624E4B4E29DC1E4D0009266D;
			remoteInfo = SportsPreferences;
		};
/* End PBXContainerItemProxy section */

/* Begin PBXFileReference section */
		017732FBE2247B8E19712757 /* Pods_SportsPreferencesTests.framework */ = {isa = PBXFileReference; explicitFileType = wrapper.framework; includeInIndex = 0; path = Pods_SportsPreferencesTests.framework; sourceTree = BUILT_PRODUCTS_DIR; };
		061E75145C894B5861FAAA39 /* Pods_SportsPreferences.framework */ = {isa = PBXFileReference; explicitFileType = wrapper.framework; includeInIndex = 0; path = Pods_SportsPreferences.framework; sourceTree = BUILT_PRODUCTS_DIR; };
		34C3C82020D562EE851376FF /* Pods-SportsPreferencesTests.release.xcconfig */ = {isa = PBXFileReference; includeInIndex = 1; lastKnownFileType = text.xcconfig; name = "Pods-SportsPreferencesTests.release.xcconfig"; path = "Target Support Files/Pods-SportsPreferencesTests/Pods-SportsPreferencesTests.release.xcconfig"; sourceTree = "<group>"; };
		620C969129EEC09900F905D7 /* GoogleService-Info.plist */ = {isa = PBXFileReference; fileEncoding = 4; lastKnownFileType = text.plist.xml; path = "GoogleService-Info.plist"; sourceTree = "<group>"; };
		6224EAAF29EE9ED6000272B9 /* SportsModel.swift */ = {isa = PBXFileReference; lastKnownFileType = sourcecode.swift; path = SportsModel.swift; sourceTree = "<group>"; };
		624E4B4F29DC1E4D0009266D /* SportsPreferences.app */ = {isa = PBXFileReference; explicitFileType = wrapper.application; includeInIndex = 0; path = SportsPreferences.app; sourceTree = BUILT_PRODUCTS_DIR; };
		624E4B5229DC1E4D0009266D /* SportsPreferencesApp.swift */ = {isa = PBXFileReference; lastKnownFileType = sourcecode.swift; path = SportsPreferencesApp.swift; sourceTree = "<group>"; };
		624E4B5429DC1E4D0009266D /* ContentView.swift */ = {isa = PBXFileReference; lastKnownFileType = sourcecode.swift; path = ContentView.swift; sourceTree = "<group>"; };
		624E4B5629DC1E4E0009266D /* Assets.xcassets */ = {isa = PBXFileReference; lastKnownFileType = folder.assetcatalog; path = Assets.xcassets; sourceTree = "<group>"; };
		624E4B5929DC1E4E0009266D /* Preview Assets.xcassets */ = {isa = PBXFileReference; lastKnownFileType = folder.assetcatalog; path = "Preview Assets.xcassets"; sourceTree = "<group>"; };
		624E4B5F29DC1E4F0009266D /* SportsPreferencesTests.xctest */ = {isa = PBXFileReference; explicitFileType = wrapper.cfbundle; includeInIndex = 0; path = SportsPreferencesTests.xctest; sourceTree = BUILT_PRODUCTS_DIR; };
		624E4B6329DC1E4F0009266D /* SportsPreferencesTests.swift */ = {isa = PBXFileReference; lastKnownFileType = sourcecode.swift; path = SportsPreferencesTests.swift; sourceTree = "<group>"; };
		624E4B6929DC1E4F0009266D /* SportsPreferencesUITests.xctest */ = {isa = PBXFileReference; explicitFileType = wrapper.cfbundle; includeInIndex = 0; path = SportsPreferencesUITests.xctest; sourceTree = BUILT_PRODUCTS_DIR; };
		624E4B6D29DC1E4F0009266D /* SportsPreferencesUITests.swift */ = {isa = PBXFileReference; lastKnownFileType = sourcecode.swift; path = SportsPreferencesUITests.swift; sourceTree = "<group>"; };
		624E4B6F29DC1E4F0009266D /* SportsPreferencesUITestsLaunchTests.swift */ = {isa = PBXFileReference; lastKnownFileType = sourcecode.swift; path = SportsPreferencesUITestsLaunchTests.swift; sourceTree = "<group>"; };
		624E4B9529DC4D210009266D /* SportsSelectionView.swift */ = {isa = PBXFileReference; lastKnownFileType = sourcecode.swift; path = SportsSelectionView.swift; sourceTree = "<group>"; };
		624E4B9729DC4DE10009266D /* HomeView.swift */ = {isa = PBXFileReference; lastKnownFileType = sourcecode.swift; path = HomeView.swift; sourceTree = "<group>"; };
		624E4B9929DC4E040009266D /* SportDetailView.swift */ = {isa = PBXFileReference; lastKnownFileType = sourcecode.swift; path = SportDetailView.swift; sourceTree = "<group>"; };
		624E4B9B29DC4E2C0009266D /* MoreView.swift */ = {isa = PBXFileReference; lastKnownFileType = sourcecode.swift; path = MoreView.swift; sourceTree = "<group>"; };
		624E4B9D29DC4E4B0009266D /* SportsViewModel.swift */ = {isa = PBXFileReference; lastKnownFileType = sourcecode.swift; path = SportsViewModel.swift; sourceTree = "<group>"; };
		89CFA7FA2B5A3346DD26058C /* Pods-SportsPreferencesTests.debug.xcconfig */ = {isa = PBXFileReference; includeInIndex = 1; lastKnownFileType = text.xcconfig; name = "Pods-SportsPreferencesTests.debug.xcconfig"; path = "Target Support Files/Pods-SportsPreferencesTests/Pods-SportsPreferencesTests.debug.xcconfig"; sourceTree = "<group>"; };
		8C9F46B84CA91BEBCB96E03C /* Pods-SportsPreferences-SportsPreferencesUITests.debug.xcconfig */ = {isa = PBXFileReference; includeInIndex = 1; lastKnownFileType = text.xcconfig; name = "Pods-SportsPreferences-SportsPreferencesUITests.debug.xcconfig"; path = "Target Support Files/Pods-SportsPreferences-SportsPreferencesUITests/Pods-SportsPreferences-SportsPreferencesUITests.debug.xcconfig"; sourceTree = "<group>"; };
		A31B02B74EC943193CCBB28B /* Pods-SportsPreferences.debug.xcconfig */ = {isa = PBXFileReference; includeInIndex = 1; lastKnownFileType = text.xcconfig; name = "Pods-SportsPreferences.debug.xcconfig"; path = "Target Support Files/Pods-SportsPreferences/Pods-SportsPreferences.debug.xcconfig"; sourceTree = "<group>"; };
		ADCED6406D08DF79A9C65F3D /* Pods_SportsPreferences_SportsPreferencesUITests.framework */ = {isa = PBXFileReference; explicitFileType = wrapper.framework; includeInIndex = 0; path = Pods_SportsPreferences_SportsPreferencesUITests.framework; sourceTree = BUILT_PRODUCTS_DIR; };
		E095D022BE6353D44005E698 /* Pods-SportsPreferences.release.xcconfig */ = {isa = PBXFileReference; includeInIndex = 1; lastKnownFileType = text.xcconfig; name = "Pods-SportsPreferences.release.xcconfig"; path = "Target Support Files/Pods-SportsPreferences/Pods-SportsPreferences.release.xcconfig"; sourceTree = "<group>"; };
		EF42FE3404EBB1F11A498CA5 /* Pods-SportsPreferences-SportsPreferencesUITests.release.xcconfig */ = {isa = PBXFileReference; includeInIndex = 1; lastKnownFileType = text.xcconfig; name = "Pods-SportsPreferences-SportsPreferencesUITests.release.xcconfig"; path = "Target Support Files/Pods-SportsPreferences-SportsPreferencesUITests/Pods-SportsPreferences-SportsPreferencesUITests.release.xcconfig"; sourceTree = "<group>"; };
/* End PBXFileReference section */

/* Begin PBXFrameworksBuildPhase section */
		624E4B4C29DC1E4D0009266D /* Frameworks */ = {
			isa = PBXFrameworksBuildPhase;
			buildActionMask = 2147483647;
			files = (
				3E7B59345A974B0BB083C5BB /* Pods_SportsPreferences.framework in Frameworks */,
			);
			runOnlyForDeploymentPostprocessing = 0;
		};
		624E4B5C29DC1E4E0009266D /* Frameworks */ = {
			isa = PBXFrameworksBuildPhase;
			buildActionMask = 2147483647;
			files = (
				1FDDEB736C425F8DD7A090EC /* Pods_SportsPreferencesTests.framework in Frameworks */,
			);
			runOnlyForDeploymentPostprocessing = 0;
		};
		624E4B6629DC1E4F0009266D /* Frameworks */ = {
			isa = PBXFrameworksBuildPhase;
			buildActionMask = 2147483647;
			files = (
				4E8924FEFB09E6411C502EF9 /* Pods_SportsPreferences_SportsPreferencesUITests.framework in Frameworks */,
			);
			runOnlyForDeploymentPostprocessing = 0;
		};
/* End PBXFrameworksBuildPhase section */

/* Begin PBXGroup section */
		062B1E0D4C1799B2E4EF4AE9 /* Pods */ = {
			isa = PBXGroup;
			children = (
				A31B02B74EC943193CCBB28B /* Pods-SportsPreferences.debug.xcconfig */,
				E095D022BE6353D44005E698 /* Pods-SportsPreferences.release.xcconfig */,
				8C9F46B84CA91BEBCB96E03C /* Pods-SportsPreferences-SportsPreferencesUITests.debug.xcconfig */,
				EF42FE3404EBB1F11A498CA5 /* Pods-SportsPreferences-SportsPreferencesUITests.release.xcconfig */,
				89CFA7FA2B5A3346DD26058C /* Pods-SportsPreferencesTests.debug.xcconfig */,
				34C3C82020D562EE851376FF /* Pods-SportsPreferencesTests.release.xcconfig */,
			);
			path = Pods;
			sourceTree = "<group>";
		};
		620C969329EEC10800F905D7 /* Firestore */ = {
			isa = PBXGroup;
			children = (
			);
			path = Firestore;
			sourceTree = "<group>";
		};
		624E4B4629DC1E4D0009266D = {
			isa = PBXGroup;
			children = (
				624E4B5129DC1E4D0009266D /* SportsPreferences */,
				624E4B6229DC1E4F0009266D /* SportsPreferencesTests */,
				624E4B6C29DC1E4F0009266D /* SportsPreferencesUITests */,
				624E4B5029DC1E4D0009266D /* Products */,
				062B1E0D4C1799B2E4EF4AE9 /* Pods */,
				9B99C84AFFA55D0C2FA1BEE5 /* Frameworks */,
			);
			sourceTree = "<group>";
		};
		624E4B5029DC1E4D0009266D /* Products */ = {
			isa = PBXGroup;
			children = (
				624E4B4F29DC1E4D0009266D /* SportsPreferences.app */,
				624E4B5F29DC1E4F0009266D /* SportsPreferencesTests.xctest */,
				624E4B6929DC1E4F0009266D /* SportsPreferencesUITests.xctest */,
			);
			name = Products;
			sourceTree = "<group>";
		};
		624E4B5129DC1E4D0009266D /* SportsPreferences */ = {
			isa = PBXGroup;
			children = (
				620C969329EEC10800F905D7 /* Firestore */,
				624E4B9429DC4CFC0009266D /* App Template */,
				624E4B5229DC1E4D0009266D /* SportsPreferencesApp.swift */,
				624E4B5429DC1E4D0009266D /* ContentView.swift */,
				624E4B5629DC1E4E0009266D /* Assets.xcassets */,
				620C969129EEC09900F905D7 /* GoogleService-Info.plist */,
				624E4B5829DC1E4E0009266D /* Preview Content */,
			);
			path = SportsPreferences;
			sourceTree = "<group>";
		};
		624E4B5829DC1E4E0009266D /* Preview Content */ = {
			isa = PBXGroup;
			children = (
				624E4B5929DC1E4E0009266D /* Preview Assets.xcassets */,
			);
			path = "Preview Content";
			sourceTree = "<group>";
		};
		624E4B6229DC1E4F0009266D /* SportsPreferencesTests */ = {
			isa = PBXGroup;
			children = (
				624E4B6329DC1E4F0009266D /* SportsPreferencesTests.swift */,
			);
			path = SportsPreferencesTests;
			sourceTree = "<group>";
		};
		624E4B6C29DC1E4F0009266D /* SportsPreferencesUITests */ = {
			isa = PBXGroup;
			children = (
				624E4B6D29DC1E4F0009266D /* SportsPreferencesUITests.swift */,
				624E4B6F29DC1E4F0009266D /* SportsPreferencesUITestsLaunchTests.swift */,
			);
			path = SportsPreferencesUITests;
			sourceTree = "<group>";
		};
		624E4B9429DC4CFC0009266D /* App Template */ = {
			isa = PBXGroup;
			children = (
				624E4B9529DC4D210009266D /* SportsSelectionView.swift */,
				624E4B9729DC4DE10009266D /* HomeView.swift */,
				624E4B9929DC4E040009266D /* SportDetailView.swift */,
				624E4B9B29DC4E2C0009266D /* MoreView.swift */,
				624E4B9D29DC4E4B0009266D /* SportsViewModel.swift */,
				6224EAAF29EE9ED6000272B9 /* SportsModel.swift */,
			);
			name = "App Template";
			sourceTree = "<group>";
		};
		9B99C84AFFA55D0C2FA1BEE5 /* Frameworks */ = {
			isa = PBXGroup;
			children = (
				061E75145C894B5861FAAA39 /* Pods_SportsPreferences.framework */,
				ADCED6406D08DF79A9C65F3D /* Pods_SportsPreferences_SportsPreferencesUITests.framework */,
				017732FBE2247B8E19712757 /* Pods_SportsPreferencesTests.framework */,
			);
			name = Frameworks;
			sourceTree = "<group>";
		};
/* End PBXGroup section */

/* Begin PBXNativeTarget section */
		624E4B4E29DC1E4D0009266D /* SportsPreferences */ = {
			isa = PBXNativeTarget;
			buildConfigurationList = 624E4B7329DC1E4F0009266D /* Build configuration list for PBXNativeTarget "SportsPreferences" */;
			buildPhases = (
				8A69911B95DFD8223E79AC02 /* [CP] Check Pods Manifest.lock */,
				624E4B4B29DC1E4D0009266D /* Sources */,
				624E4B4C29DC1E4D0009266D /* Frameworks */,
				624E4B4D29DC1E4D0009266D /* Resources */,
				F886C1EF08D3D9A36906EED2 /* [CP] Embed Pods Frameworks */,
			);
			buildRules = (
			);
			dependencies = (
			);
			name = SportsPreferences;
			productName = SportsPreferences;
			productReference = 624E4B4F29DC1E4D0009266D /* SportsPreferences.app */;
			productType = "com.apple.product-type.application";
		};
		624E4B5E29DC1E4E0009266D /* SportsPreferencesTests */ = {
			isa = PBXNativeTarget;
			buildConfigurationList = 624E4B7629DC1E4F0009266D /* Build configuration list for PBXNativeTarget "SportsPreferencesTests" */;
			buildPhases = (
				A7B116E718FBC0EA9FC2FA17 /* [CP] Check Pods Manifest.lock */,
				624E4B5B29DC1E4E0009266D /* Sources */,
				624E4B5C29DC1E4E0009266D /* Frameworks */,
				624E4B5D29DC1E4E0009266D /* Resources */,
			);
			buildRules = (
			);
			dependencies = (
				624E4B6129DC1E4F0009266D /* PBXTargetDependency */,
			);
			name = SportsPreferencesTests;
			productName = SportsPreferencesTests;
			productReference = 624E4B5F29DC1E4F0009266D /* SportsPreferencesTests.xctest */;
			productType = "com.apple.product-type.bundle.unit-test";
		};
		624E4B6829DC1E4F0009266D /* SportsPreferencesUITests */ = {
			isa = PBXNativeTarget;
			buildConfigurationList = 624E4B7929DC1E4F0009266D /* Build configuration list for PBXNativeTarget "SportsPreferencesUITests" */;
			buildPhases = (
				3D6FE20666DD10487AE7A370 /* [CP] Check Pods Manifest.lock */,
				624E4B6529DC1E4F0009266D /* Sources */,
				624E4B6629DC1E4F0009266D /* Frameworks */,
				624E4B6729DC1E4F0009266D /* Resources */,
				C9CAA689D61B963D131CF7A3 /* [CP] Embed Pods Frameworks */,
			);
			buildRules = (
			);
			dependencies = (
				624E4B6B29DC1E4F0009266D /* PBXTargetDependency */,
			);
			name = SportsPreferencesUITests;
			productName = SportsPreferencesUITests;
			productReference = 624E4B6929DC1E4F0009266D /* SportsPreferencesUITests.xctest */;
			productType = "com.apple.product-type.bundle.ui-testing";
		};
/* End PBXNativeTarget section */

/* Begin PBXProject section */
		624E4B4729DC1E4D0009266D /* Project object */ = {
			isa = PBXProject;
			attributes = {
				BuildIndependentTargetsInParallel = 1;
				LastSwiftUpdateCheck = 1420;
				LastUpgradeCheck = 1420;
				TargetAttributes = {
					624E4B4E29DC1E4D0009266D = {
						CreatedOnToolsVersion = 14.2;
					};
					624E4B5E29DC1E4E0009266D = {
						CreatedOnToolsVersion = 14.2;
						TestTargetID = 624E4B4E29DC1E4D0009266D;
					};
					624E4B6829DC1E4F0009266D = {
						CreatedOnToolsVersion = 14.2;
						TestTargetID = 624E4B4E29DC1E4D0009266D;
					};
				};
			};
			buildConfigurationList = 624E4B4A29DC1E4D0009266D /* Build configuration list for PBXProject "SportsPreferences" */;
			compatibilityVersion = "Xcode 14.0";
			developmentRegion = en;
			hasScannedForEncodings = 0;
			knownRegions = (
				en,
				Base,
			);
			mainGroup = 624E4B4629DC1E4D0009266D;
			productRefGroup = 624E4B5029DC1E4D0009266D /* Products */;
			projectDirPath = "";
			projectRoot = "";
			targets = (
				624E4B4E29DC1E4D0009266D /* SportsPreferences */,
				624E4B5E29DC1E4E0009266D /* SportsPreferencesTests */,
				624E4B6829DC1E4F0009266D /* SportsPreferencesUITests */,
			);
		};
/* End PBXProject section */

/* Begin PBXResourcesBuildPhase section */
		624E4B4D29DC1E4D0009266D /* Resources */ = {
			isa = PBXResourcesBuildPhase;
			buildActionMask = 2147483647;
			files = (
				624E4B5A29DC1E4E0009266D /* Preview Assets.xcassets in Resources */,
				624E4B5729DC1E4E0009266D /* Assets.xcassets in Resources */,
				620C969229EEC09900F905D7 /* GoogleService-Info.plist in Resources */,
			);
			runOnlyForDeploymentPostprocessing = 0;
		};
		624E4B5D29DC1E4E0009266D /* Resources */ = {
			isa = PBXResourcesBuildPhase;
			buildActionMask = 2147483647;
			files = (
			);
			runOnlyForDeploymentPostprocessing = 0;
		};
		624E4B6729DC1E4F0009266D /* Resources */ = {
			isa = PBXResourcesBuildPhase;
			buildActionMask = 2147483647;
			files = (
			);
			runOnlyForDeploymentPostprocessing = 0;
		};
/* End PBXResourcesBuildPhase section */

/* Begin PBXShellScriptBuildPhase section */
		3D6FE20666DD10487AE7A370 /* [CP] Check Pods Manifest.lock */ = {
			isa = PBXShellScriptBuildPhase;
			buildActionMask = 2147483647;
			files = (
			);
			inputFileListPaths = (
			);
			inputPaths = (
				"${PODS_PODFILE_DIR_PATH}/Podfile.lock",
				"${PODS_ROOT}/Manifest.lock",
			);
			name = "[CP] Check Pods Manifest.lock";
			outputFileListPaths = (
			);
			outputPaths = (
				"$(DERIVED_FILE_DIR)/Pods-SportsPreferences-SportsPreferencesUITests-checkManifestLockResult.txt",
			);
			runOnlyForDeploymentPostprocessing = 0;
			shellPath = /bin/sh;
			shellScript = "diff \"${PODS_PODFILE_DIR_PATH}/Podfile.lock\" \"${PODS_ROOT}/Manifest.lock\" > /dev/null\nif [ $? != 0 ] ; then\n    # print error to STDERR\n    echo \"error: The sandbox is not in sync with the Podfile.lock. Run 'pod install' or update your CocoaPods installation.\" >&2\n    exit 1\nfi\n# This output is used by Xcode 'outputs' to avoid re-running this script phase.\necho \"SUCCESS\" > \"${SCRIPT_OUTPUT_FILE_0}\"\n";
			showEnvVarsInLog = 0;
		};
		8A69911B95DFD8223E79AC02 /* [CP] Check Pods Manifest.lock */ = {
			isa = PBXShellScriptBuildPhase;
			buildActionMask = 2147483647;
			files = (
			);
			inputFileListPaths = (
			);
			inputPaths = (
				"${PODS_PODFILE_DIR_PATH}/Podfile.lock",
				"${PODS_ROOT}/Manifest.lock",
			);
			name = "[CP] Check Pods Manifest.lock";
			outputFileListPaths = (
			);
			outputPaths = (
				"$(DERIVED_FILE_DIR)/Pods-SportsPreferences-checkManifestLockResult.txt",
			);
			runOnlyForDeploymentPostprocessing = 0;
			shellPath = /bin/sh;
			shellScript = "diff \"${PODS_PODFILE_DIR_PATH}/Podfile.lock\" \"${PODS_ROOT}/Manifest.lock\" > /dev/null\nif [ $? != 0 ] ; then\n    # print error to STDERR\n    echo \"error: The sandbox is not in sync with the Podfile.lock. Run 'pod install' or update your CocoaPods installation.\" >&2\n    exit 1\nfi\n# This output is used by Xcode 'outputs' to avoid re-running this script phase.\necho \"SUCCESS\" > \"${SCRIPT_OUTPUT_FILE_0}\"\n";
			showEnvVarsInLog = 0;
		};
		A7B116E718FBC0EA9FC2FA17 /* [CP] Check Pods Manifest.lock */ = {
			isa = PBXShellScriptBuildPhase;
			buildActionMask = 2147483647;
			files = (
			);
			inputFileListPaths = (
			);
			inputPaths = (
				"${PODS_PODFILE_DIR_PATH}/Podfile.lock",
				"${PODS_ROOT}/Manifest.lock",
			);
			name = "[CP] Check Pods Manifest.lock";
			outputFileListPaths = (
			);
			outputPaths = (
				"$(DERIVED_FILE_DIR)/Pods-SportsPreferencesTests-checkManifestLockResult.txt",
			);
			runOnlyForDeploymentPostprocessing = 0;
			shellPath = /bin/sh;
			shellScript = "diff \"${PODS_PODFILE_DIR_PATH}/Podfile.lock\" \"${PODS_ROOT}/Manifest.lock\" > /dev/null\nif [ $? != 0 ] ; then\n    # print error to STDERR\n    echo \"error: The sandbox is not in sync with the Podfile.lock. Run 'pod install' or update your CocoaPods installation.\" >&2\n    exit 1\nfi\n# This output is used by Xcode 'outputs' to avoid re-running this script phase.\necho \"SUCCESS\" > \"${SCRIPT_OUTPUT_FILE_0}\"\n";
			showEnvVarsInLog = 0;
		};
		C9CAA689D61B963D131CF7A3 /* [CP] Embed Pods Frameworks */ = {
			isa = PBXShellScriptBuildPhase;
			buildActionMask = 2147483647;
			files = (
			);
			inputFileListPaths = (
				"${PODS_ROOT}/Target Support Files/Pods-SportsPreferences-SportsPreferencesUITests/Pods-SportsPreferences-SportsPreferencesUITests-frameworks-${CONFIGURATION}-input-files.xcfilelist",
			);
			name = "[CP] Embed Pods Frameworks";
			outputFileListPaths = (
				"${PODS_ROOT}/Target Support Files/Pods-SportsPreferences-SportsPreferencesUITests/Pods-SportsPreferences-SportsPreferencesUITests-frameworks-${CONFIGURATION}-output-files.xcfilelist",
			);
			runOnlyForDeploymentPostprocessing = 0;
			shellPath = /bin/sh;
			shellScript = "\"${PODS_ROOT}/Target Support Files/Pods-SportsPreferences-SportsPreferencesUITests/Pods-SportsPreferences-SportsPreferencesUITests-frameworks.sh\"\n";
			showEnvVarsInLog = 0;
		};
		F886C1EF08D3D9A36906EED2 /* [CP] Embed Pods Frameworks */ = {
			isa = PBXShellScriptBuildPhase;
			buildActionMask = 2147483647;
			files = (
			);
			inputFileListPaths = (
				"${PODS_ROOT}/Target Support Files/Pods-SportsPreferences/Pods-SportsPreferences-frameworks-${CONFIGURATION}-input-files.xcfilelist",
			);
			name = "[CP] Embed Pods Frameworks";
			outputFileListPaths = (
				"${PODS_ROOT}/Target Support Files/Pods-SportsPreferences/Pods-SportsPreferences-frameworks-${CONFIGURATION}-output-files.xcfilelist",
			);
			runOnlyForDeploymentPostprocessing = 0;
			shellPath = /bin/sh;
			shellScript = "\"${PODS_ROOT}/Target Support Files/Pods-SportsPreferences/Pods-SportsPreferences-frameworks.sh\"\n";
			showEnvVarsInLog = 0;
		};
/* End PBXShellScriptBuildPhase section */

/* Begin PBXSourcesBuildPhase section */
		624E4B4B29DC1E4D0009266D /* Sources */ = {
			isa = PBXSourcesBuildPhase;
			buildActionMask = 2147483647;
			files = (
				6224EAB029EE9ED6000272B9 /* SportsModel.swift in Sources */,
				624E4B5529DC1E4D0009266D /* ContentView.swift in Sources */,
				624E4B9C29DC4E2C0009266D /* MoreView.swift in Sources */,
				624E4B9A29DC4E040009266D /* SportDetailView.swift in Sources */,
				624E4B9829DC4DE10009266D /* HomeView.swift in Sources */,
				624E4B9E29DC4E4B0009266D /* SportsViewModel.swift in Sources */,
				624E4B5329DC1E4D0009266D /* SportsPreferencesApp.swift in Sources */,
				624E4B9629DC4D210009266D /* SportsSelectionView.swift in Sources */,
			);
			runOnlyForDeploymentPostprocessing = 0;
		};
		624E4B5B29DC1E4E0009266D /* Sources */ = {
			isa = PBXSourcesBuildPhase;
			buildActionMask = 2147483647;
			files = (
				624E4B6429DC1E4F0009266D /* SportsPreferencesTests.swift in Sources */,
			);
			runOnlyForDeploymentPostprocessing = 0;
		};
		624E4B6529DC1E4F0009266D /* Sources */ = {
			isa = PBXSourcesBuildPhase;
			buildActionMask = 2147483647;
			files = (
				624E4B7029DC1E4F0009266D /* SportsPreferencesUITestsLaunchTests.swift in Sources */,
				624E4B6E29DC1E4F0009266D /* SportsPreferencesUITests.swift in Sources */,
			);
			runOnlyForDeploymentPostprocessing = 0;
		};
/* End PBXSourcesBuildPhase section */

/* Begin PBXTargetDependency section */
		624E4B6129DC1E4F0009266D /* PBXTargetDependency */ = {
			isa = PBXTargetDependency;
			target = 624E4B4E29DC1E4D0009266D /* SportsPreferences */;
			targetProxy = 624E4B6029DC1E4F0009266D /* PBXContainerItemProxy */;
		};
		624E4B6B29DC1E4F0009266D /* PBXTargetDependency */ = {
			isa = PBXTargetDependency;
			target = 624E4B4E29DC1E4D0009266D /* SportsPreferences */;
			targetProxy = 624E4B6A29DC1E4F0009266D /* PBXContainerItemProxy */;
		};
/* End PBXTargetDependency section */

/* Begin XCBuildConfiguration section */
		624E4B7129DC1E4F0009266D /* Debug */ = {
			isa = XCBuildConfiguration;
			buildSettings = {
				ALWAYS_SEARCH_USER_PATHS = NO;
				CLANG_ANALYZER_NONNULL = YES;
				CLANG_ANALYZER_NUMBER_OBJECT_CONVERSION = YES_AGGRESSIVE;
				CLANG_CXX_LANGUAGE_STANDARD = "gnu++20";
				CLANG_ENABLE_MODULES = YES;
				CLANG_ENABLE_OBJC_ARC = YES;
				CLANG_ENABLE_OBJC_WEAK = YES;
				CLANG_WARN_BLOCK_CAPTURE_AUTORELEASING = YES;
				CLANG_WARN_BOOL_CONVERSION = YES;
				CLANG_WARN_COMMA = YES;
				CLANG_WARN_CONSTANT_CONVERSION = YES;
				CLANG_WARN_DEPRECATED_OBJC_IMPLEMENTATIONS = YES;
				CLANG_WARN_DIRECT_OBJC_ISA_USAGE = YES_ERROR;
				CLANG_WARN_DOCUMENTATION_COMMENTS = YES;
				CLANG_WARN_EMPTY_BODY = YES;
				CLANG_WARN_ENUM_CONVERSION = YES;
				CLANG_WARN_INFINITE_RECURSION = YES;
				CLANG_WARN_INT_CONVERSION = YES;
				CLANG_WARN_NON_LITERAL_NULL_CONVERSION = YES;
				CLANG_WARN_OBJC_IMPLICIT_RETAIN_SELF = YES;
				CLANG_WARN_OBJC_LITERAL_CONVERSION = YES;
				CLANG_WARN_OBJC_ROOT_CLASS = YES_ERROR;
				CLANG_WARN_QUOTED_INCLUDE_IN_FRAMEWORK_HEADER = YES;
				CLANG_WARN_RANGE_LOOP_ANALYSIS = YES;
				CLANG_WARN_STRICT_PROTOTYPES = YES;
				CLANG_WARN_SUSPICIOUS_MOVE = YES;
				CLANG_WARN_UNGUARDED_AVAILABILITY = YES_AGGRESSIVE;
				CLANG_WARN_UNREACHABLE_CODE = YES;
				CLANG_WARN__DUPLICATE_METHOD_MATCH = YES;
				COPY_PHASE_STRIP = NO;
				DEBUG_INFORMATION_FORMAT = dwarf;
				ENABLE_STRICT_OBJC_MSGSEND = YES;
				ENABLE_TESTABILITY = YES;
				GCC_C_LANGUAGE_STANDARD = gnu11;
				GCC_DYNAMIC_NO_PIC = NO;
				GCC_NO_COMMON_BLOCKS = YES;
				GCC_OPTIMIZATION_LEVEL = 0;
				GCC_PREPROCESSOR_DEFINITIONS = (
					"DEBUG=1",
					"$(inherited)",
				);
				GCC_WARN_64_TO_32_BIT_CONVERSION = YES;
				GCC_WARN_ABOUT_RETURN_TYPE = YES_ERROR;
				GCC_WARN_UNDECLARED_SELECTOR = YES;
				GCC_WARN_UNINITIALIZED_AUTOS = YES_AGGRESSIVE;
				GCC_WARN_UNUSED_FUNCTION = YES;
				GCC_WARN_UNUSED_VARIABLE = YES;
				IPHONEOS_DEPLOYMENT_TARGET = 16.2;
				MTL_ENABLE_DEBUG_INFO = INCLUDE_SOURCE;
				MTL_FAST_MATH = YES;
				ONLY_ACTIVE_ARCH = YES;
				SDKROOT = iphoneos;
				SWIFT_ACTIVE_COMPILATION_CONDITIONS = DEBUG;
				SWIFT_OPTIMIZATION_LEVEL = "-Onone";
			};
			name = Debug;
		};
		624E4B7229DC1E4F0009266D /* Release */ = {
			isa = XCBuildConfiguration;
			buildSettings = {
				ALWAYS_SEARCH_USER_PATHS = NO;
				CLANG_ANALYZER_NONNULL = YES;
				CLANG_ANALYZER_NUMBER_OBJECT_CONVERSION = YES_AGGRESSIVE;
				CLANG_CXX_LANGUAGE_STANDARD = "gnu++20";
				CLANG_ENABLE_MODULES = YES;
				CLANG_ENABLE_OBJC_ARC = YES;
				CLANG_ENABLE_OBJC_WEAK = YES;
				CLANG_WARN_BLOCK_CAPTURE_AUTORELEASING = YES;
				CLANG_WARN_BOOL_CONVERSION = YES;
				CLANG_WARN_COMMA = YES;
				CLANG_WARN_CONSTANT_CONVERSION = YES;
				CLANG_WARN_DEPRECATED_OBJC_IMPLEMENTATIONS = YES;
				CLANG_WARN_DIRECT_OBJC_ISA_USAGE = YES_ERROR;
				CLANG_WARN_DOCUMENTATION_COMMENTS = YES;
				CLANG_WARN_EMPTY_BODY = YES;
				CLANG_WARN_ENUM_CONVERSION = YES;
				CLANG_WARN_INFINITE_RECURSION = YES;
				CLANG_WARN_INT_CONVERSION = YES;
				CLANG_WARN_NON_LITERAL_NULL_CONVERSION = YES;
				CLANG_WARN_OBJC_IMPLICIT_RETAIN_SELF = YES;
				CLANG_WARN_OBJC_LITERAL_CONVERSION = YES;
				CLANG_WARN_OBJC_ROOT_CLASS = YES_ERROR;
				CLANG_WARN_QUOTED_INCLUDE_IN_FRAMEWORK_HEADER = YES;
				CLANG_WARN_RANGE_LOOP_ANALYSIS = YES;
				CLANG_WARN_STRICT_PROTOTYPES = YES;
				CLANG_WARN_SUSPICIOUS_MOVE = YES;
				CLANG_WARN_UNGUARDED_AVAILABILITY = YES_AGGRESSIVE;
				CLANG_WARN_UNREACHABLE_CODE = YES;
				CLANG_WARN__DUPLICATE_METHOD_MATCH = YES;
				COPY_PHASE_STRIP = NO;
				DEBUG_INFORMATION_FORMAT = "dwarf-with-dsym";
				ENABLE_NS_ASSERTIONS = NO;
				ENABLE_STRICT_OBJC_MSGSEND = YES;
				GCC_C_LANGUAGE_STANDARD = gnu11;
				GCC_NO_COMMON_BLOCKS = YES;
				GCC_WARN_64_TO_32_BIT_CONVERSION = YES;
				GCC_WARN_ABOUT_RETURN_TYPE = YES_ERROR;
				GCC_WARN_UNDECLARED_SELECTOR = YES;
				GCC_WARN_UNINITIALIZED_AUTOS = YES_AGGRESSIVE;
				GCC_WARN_UNUSED_FUNCTION = YES;
				GCC_WARN_UNUSED_VARIABLE = YES;
				IPHONEOS_DEPLOYMENT_TARGET = 16.2;
				MTL_ENABLE_DEBUG_INFO = NO;
				MTL_FAST_MATH = YES;
				SDKROOT = iphoneos;
				SWIFT_COMPILATION_MODE = wholemodule;
				SWIFT_OPTIMIZATION_LEVEL = "-O";
				VALIDATE_PRODUCT = YES;
			};
			name = Release;
		};
		624E4B7429DC1E4F0009266D /* Debug */ = {
			isa = XCBuildConfiguration;
			baseConfigurationReference = A31B02B74EC943193CCBB28B /* Pods-SportsPreferences.debug.xcconfig */;
			buildSettings = {
				ASSETCATALOG_COMPILER_APPICON_NAME = AppIcon;
				ASSETCATALOG_COMPILER_GLOBAL_ACCENT_COLOR_NAME = AccentColor;
				CODE_SIGN_STYLE = Automatic;
				CURRENT_PROJECT_VERSION = 1;
				DEVELOPMENT_ASSET_PATHS = "\"SportsPreferences/Preview Content\"";
				DEVELOPMENT_TEAM = J2452P8KTA;
				ENABLE_PREVIEWS = YES;
				GENERATE_INFOPLIST_FILE = YES;
				INFOPLIST_KEY_UIApplicationSceneManifest_Generation = YES;
				INFOPLIST_KEY_UIApplicationSupportsIndirectInputEvents = YES;
				INFOPLIST_KEY_UILaunchScreen_Generation = YES;
				INFOPLIST_KEY_UISupportedInterfaceOrientations_iPad = "UIInterfaceOrientationPortrait UIInterfaceOrientationPortraitUpsideDown UIInterfaceOrientationLandscapeLeft UIInterfaceOrientationLandscapeRight";
				INFOPLIST_KEY_UISupportedInterfaceOrientations_iPhone = "UIInterfaceOrientationPortrait UIInterfaceOrientationLandscapeLeft UIInterfaceOrientationLandscapeRight";
				IPHONEOS_DEPLOYMENT_TARGET = 14.0;
				LD_RUNPATH_SEARCH_PATHS = (
					"$(inherited)",
					"@executable_path/Frameworks",
				);
				MARKETING_VERSION = 1.0;
				PRODUCT_BUNDLE_IDENTIFIER = com.GOBIASLTD.SportsPreferences;
				PRODUCT_NAME = "$(TARGET_NAME)";
				SWIFT_EMIT_LOC_STRINGS = YES;
				SWIFT_VERSION = 5.0;
				TARGETED_DEVICE_FAMILY = "1,2";
			};
			name = Debug;
		};
		624E4B7529DC1E4F0009266D /* Release */ = {
			isa = XCBuildConfiguration;
			baseConfigurationReference = E095D022BE6353D44005E698 /* Pods-SportsPreferences.release.xcconfig */;
			buildSettings = {
				ASSETCATALOG_COMPILER_APPICON_NAME = AppIcon;
				ASSETCATALOG_COMPILER_GLOBAL_ACCENT_COLOR_NAME = AccentColor;
				CODE_SIGN_STYLE = Automatic;
				CURRENT_PROJECT_VERSION = 1;
				DEVELOPMENT_ASSET_PATHS = "\"SportsPreferences/Preview Content\"";
				DEVELOPMENT_TEAM = J2452P8KTA;
				ENABLE_PREVIEWS = YES;
				GENERATE_INFOPLIST_FILE = YES;
				INFOPLIST_KEY_UIApplicationSceneManifest_Generation = YES;
				INFOPLIST_KEY_UIApplicationSupportsIndirectInputEvents = YES;
				INFOPLIST_KEY_UILaunchScreen_Generation = YES;
				INFOPLIST_KEY_UISupportedInterfaceOrientations_iPad = "UIInterfaceOrientationPortrait UIInterfaceOrientationPortraitUpsideDown UIInterfaceOrientationLandscapeLeft UIInterfaceOrientationLandscapeRight";
				INFOPLIST_KEY_UISupportedInterfaceOrientations_iPhone = "UIInterfaceOrientationPortrait UIInterfaceOrientationLandscapeLeft UIInterfaceOrientationLandscapeRight";
				IPHONEOS_DEPLOYMENT_TARGET = 14.0;
				LD_RUNPATH_SEARCH_PATHS = (
					"$(inherited)",
					"@executable_path/Frameworks",
				);
				MARKETING_VERSION = 1.0;
				PRODUCT_BUNDLE_IDENTIFIER = com.GOBIASLTD.SportsPreferences;
				PRODUCT_NAME = "$(TARGET_NAME)";
				SWIFT_EMIT_LOC_STRINGS = YES;
				SWIFT_VERSION = 5.0;
				TARGETED_DEVICE_FAMILY = "1,2";
			};
			name = Release;
		};
		624E4B7729DC1E4F0009266D /* Debug */ = {
			isa = XCBuildConfiguration;
			baseConfigurationReference = 89CFA7FA2B5A3346DD26058C /* Pods-SportsPreferencesTests.debug.xcconfig */;
			buildSettings = {
				ALWAYS_EMBED_SWIFT_STANDARD_LIBRARIES = YES;
				BUNDLE_LOADER = "$(TEST_HOST)";
				CODE_SIGN_STYLE = Automatic;
				CURRENT_PROJECT_VERSION = 1;
				DEVELOPMENT_TEAM = J2452P8KTA;
				GENERATE_INFOPLIST_FILE = YES;
				IPHONEOS_DEPLOYMENT_TARGET = 16.2;
				MARKETING_VERSION = 1.0;
				PRODUCT_BUNDLE_IDENTIFIER = com.GOBIASLTD.SportsPreferencesTests;
				PRODUCT_NAME = "$(TARGET_NAME)";
				SWIFT_EMIT_LOC_STRINGS = NO;
				SWIFT_VERSION = 5.0;
				TARGETED_DEVICE_FAMILY = "1,2";
				TEST_HOST = "$(BUILT_PRODUCTS_DIR)/SportsPreferences.app/$(BUNDLE_EXECUTABLE_FOLDER_PATH)/SportsPreferences";
			};
			name = Debug;
		};
		624E4B7829DC1E4F0009266D /* Release */ = {
			isa = XCBuildConfiguration;
			baseConfigurationReference = 34C3C82020D562EE851376FF /* Pods-SportsPreferencesTests.release.xcconfig */;
			buildSettings = {
				ALWAYS_EMBED_SWIFT_STANDARD_LIBRARIES = YES;
				BUNDLE_LOADER = "$(TEST_HOST)";
				CODE_SIGN_STYLE = Automatic;
				CURRENT_PROJECT_VERSION = 1;
				DEVELOPMENT_TEAM = J2452P8KTA;
				GENERATE_INFOPLIST_FILE = YES;
				IPHONEOS_DEPLOYMENT_TARGET = 16.2;
				MARKETING_VERSION = 1.0;
				PRODUCT_BUNDLE_IDENTIFIER = com.GOBIASLTD.SportsPreferencesTests;
				PRODUCT_NAME = "$(TARGET_NAME)";
				SWIFT_EMIT_LOC_STRINGS = NO;
				SWIFT_VERSION = 5.0;
				TARGETED_DEVICE_FAMILY = "1,2";
				TEST_HOST = "$(BUILT_PRODUCTS_DIR)/SportsPreferences.app/$(BUNDLE_EXECUTABLE_FOLDER_PATH)/SportsPreferences";
			};
			name = Release;
		};
		624E4B7A29DC1E4F0009266D /* Debug */ = {
			isa = XCBuildConfiguration;
			baseConfigurationReference = 8C9F46B84CA91BEBCB96E03C /* Pods-SportsPreferences-SportsPreferencesUITests.debug.xcconfig */;
			buildSettings = {
				ALWAYS_EMBED_SWIFT_STANDARD_LIBRARIES = YES;
				CODE_SIGN_STYLE = Automatic;
				CURRENT_PROJECT_VERSION = 1;
				DEVELOPMENT_TEAM = J2452P8KTA;
				GENERATE_INFOPLIST_FILE = YES;
				MARKETING_VERSION = 1.0;
				PRODUCT_BUNDLE_IDENTIFIER = com.GOBIASLTD.SportsPreferencesUITests;
				PRODUCT_NAME = "$(TARGET_NAME)";
				SWIFT_EMIT_LOC_STRINGS = NO;
				SWIFT_VERSION = 5.0;
				TARGETED_DEVICE_FAMILY = "1,2";
				TEST_TARGET_NAME = SportsPreferences;
			};
			name = Debug;
		};
		624E4B7B29DC1E4F0009266D /* Release */ = {
			isa = XCBuildConfiguration;
			baseConfigurationReference = EF42FE3404EBB1F11A498CA5 /* Pods-SportsPreferences-SportsPreferencesUITests.release.xcconfig */;
			buildSettings = {
				ALWAYS_EMBED_SWIFT_STANDARD_LIBRARIES = YES;
				CODE_SIGN_STYLE = Automatic;
				CURRENT_PROJECT_VERSION = 1;
				DEVELOPMENT_TEAM = J2452P8KTA;
				GENERATE_INFOPLIST_FILE = YES;
				MARKETING_VERSION = 1.0;
				PRODUCT_BUNDLE_IDENTIFIER = com.GOBIASLTD.SportsPreferencesUITests;
				PRODUCT_NAME = "$(TARGET_NAME)";
				SWIFT_EMIT_LOC_STRINGS = NO;
				SWIFT_VERSION = 5.0;
				TARGETED_DEVICE_FAMILY = "1,2";
				TEST_TARGET_NAME = SportsPreferences;
			};
			name = Release;
		};
/* End XCBuildConfiguration section */

/* Begin XCConfigurationList section */
		624E4B4A29DC1E4D0009266D /* Build configuration list for PBXProject "SportsPreferences" */ = {
			isa = XCConfigurationList;
			buildConfigurations = (
				624E4B7129DC1E4F0009266D /* Debug */,
				624E4B7229DC1E4F0009266D /* Release */,
			);
			defaultConfigurationIsVisible = 0;
			defaultConfigurationName = Release;
		};
		624E4B7329DC1E4F0009266D /* Build configuration list for PBXNativeTarget "SportsPreferences" */ = {
			isa = XCConfigurationList;
			buildConfigurations = (
				624E4B7429DC1E4F0009266D /* Debug */,
				624E4B7529DC1E4F0009266D /* Release */,
			);
			defaultConfigurationIsVisible = 0;
			defaultConfigurationName = Release;
		};
		624E4B7629DC1E4F0009266D /* Build configuration list for PBXNativeTarget "SportsPreferencesTests" */ = {
			isa = XCConfigurationList;
			buildConfigurations = (
				624E4B7729DC1E4F0009266D /* Debug */,
				624E4B7829DC1E4F0009266D /* Release */,
			);
			defaultConfigurationIsVisible = 0;
			defaultConfigurationName = Release;
		};
		624E4B7929DC1E4F0009266D /* Build configuration list for PBXNativeTarget "SportsPreferencesUITests" */ = {
			isa = XCConfigurationList;
			buildConfigurations = (
				624E4B7A29DC1E4F0009266D /* Debug */,
				624E4B7B29DC1E4F0009266D /* Release */,
			);
			defaultConfigurationIsVisible = 0;
			defaultConfigurationName = Release;
		};
/* End XCConfigurationList section */
	};
	rootObject = 624E4B4729DC1E4D0009266D /* Project object */;
}
